// !$*UTF8*$!
{
	archiveVersion = 1;
	classes = {
	};
	objectVersion = 50;
	objects = {

/* Begin PBXBuildFile section */
		352C7BFD25BEC65C0087ECCF /* HeaderModel.swift in Sources */ = {isa = PBXBuildFile; fileRef = 352C7BFC25BEC65C0087ECCF /* HeaderModel.swift */; };
		352C7C0025BEC6A60087ECCF /* HeaderData.swift in Sources */ = {isa = PBXBuildFile; fileRef = 352C7BFF25BEC6A60087ECCF /* HeaderData.swift */; };
		352C7C0325BECB430087ECCF /* DishesView.swift in Sources */ = {isa = PBXBuildFile; fileRef = 352C7C0225BECB430087ECCF /* DishesView.swift */; };
		352C7C0625BFD8550087ECCF /* FactView.swift in Sources */ = {isa = PBXBuildFile; fileRef = 352C7C0525BFD8550087ECCF /* FactView.swift */; };
		352C7C0925BFDACC0087ECCF /* FetchModel.swift in Sources */ = {isa = PBXBuildFile; fileRef = 352C7C0825BFDACC0087ECCF /* FetchModel.swift */; };
		352C7C0C25BFDB130087ECCF /* FactData.swift in Sources */ = {isa = PBXBuildFile; fileRef = 352C7C0B25BFDB130087ECCF /* FactData.swift */; };
		352C7C0F25BFDD200087ECCF /* RecipeModel.swift in Sources */ = {isa = PBXBuildFile; fileRef = 352C7C0E25BFDD200087ECCF /* RecipeModel.swift */; };
		352C7C1225BFDDA80087ECCF /* RecipeData.swift in Sources */ = {isa = PBXBuildFile; fileRef = 352C7C1125BFDDA80087ECCF /* RecipeData.swift */; };
		352C7C1525BFDDF30087ECCF /* RecipeCardView.swift in Sources */ = {isa = PBXBuildFile; fileRef = 352C7C1425BFDDF30087ECCF /* RecipeCardView.swift */; };
		35379D0B25C66F8C00F04508 /* RipeningView.swift in Sources */ = {isa = PBXBuildFile; fileRef = 35379D0A25C66F8C00F04508 /* RipeningView.swift */; };
		356627BA25B6C6B80015A963 /* AvocadosApp.swift in Sources */ = {isa = PBXBuildFile; fileRef = 356627B925B6C6B80015A963 /* AvocadosApp.swift */; };
		356627BC25B6C6B80015A963 /* ContentView.swift in Sources */ = {isa = PBXBuildFile; fileRef = 356627BB25B6C6B80015A963 /* ContentView.swift */; };
		356627BE25B6C6B90015A963 /* Assets.xcassets in Resources */ = {isa = PBXBuildFile; fileRef = 356627BD25B6C6B90015A963 /* Assets.xcassets */; };
		356627C125B6C6B90015A963 /* Preview Assets.xcassets in Resources */ = {isa = PBXBuildFile; fileRef = 356627C025B6C6B90015A963 /* Preview Assets.xcassets */; };
		3571C53225B9BB2200605D8E /* RecipeData.txt in Resources */ = {isa = PBXBuildFile; fileRef = 3571C52D25B9BB2200605D8E /* RecipeData.txt */; };
		3571C53325B9BB2200605D8E /* Avocados.txt in Resources */ = {isa = PBXBuildFile; fileRef = 3571C52E25B9BB2200605D8E /* Avocados.txt */; };
		3571C53425B9BB2200605D8E /* RipeningData.txt in Resources */ = {isa = PBXBuildFile; fileRef = 3571C52F25B9BB2200605D8E /* RipeningData.txt */; };
		3571C53525B9BB2200605D8E /* HeaderData.txt in Resources */ = {isa = PBXBuildFile; fileRef = 3571C53025B9BB2200605D8E /* HeaderData.txt */; };
		3571C53625B9BB2200605D8E /* FactData.txt in Resources */ = {isa = PBXBuildFile; fileRef = 3571C53125B9BB2200605D8E /* FactData.txt */; };
		359D9BB625C4107B0047F032 /* RecipeRatingView.swift in Sources */ = {isa = PBXBuildFile; fileRef = 359D9BB525C4107B0047F032 /* RecipeRatingView.swift */; };
		359D9BB925C411BD0047F032 /* RecipeCookingView.swift in Sources */ = {isa = PBXBuildFile; fileRef = 359D9BB825C411BD0047F032 /* RecipeCookingView.swift */; };
		359D9BBC25C4123B0047F032 /* RecipeDetailView .swift in Sources */ = {isa = PBXBuildFile; fileRef = 359D9BBB25C4123B0047F032 /* RecipeDetailView .swift */; };
		35B6DA4225BEB62600FA8B05 /* AvocadoView.swift in Sources */ = {isa = PBXBuildFile; fileRef = 35B6DA4125BEB62600FA8B05 /* AvocadoView.swift */; };
		35B6DA4625BEB65300FA8B05 /* RipeningStagesView.swift in Sources */ = {isa = PBXBuildFile; fileRef = 35B6DA4525BEB65300FA8B05 /* RipeningStagesView.swift */; };
		35B6DA4925BEB67500FA8B05 /* SettingView.swift in Sources */ = {isa = PBXBuildFile; fileRef = 35B6DA4825BEB67500FA8B05 /* SettingView.swift */; };
		35B6DA5125BEB70E00FA8B05 /* AppView.swift in Sources */ = {isa = PBXBuildFile; fileRef = 35B6DA5025BEB70E00FA8B05 /* AppView.swift */; };
		35B6DA5525BEBDDC00FA8B05 /* HeaderView.swift in Sources */ = {isa = PBXBuildFile; fileRef = 35B6DA5425BEBDDC00FA8B05 /* HeaderView.swift */; };
		35F0DA9A25C7CACF0093C036 /* RipeningModel.swift in Sources */ = {isa = PBXBuildFile; fileRef = 35F0DA9925C7CACF0093C036 /* RipeningModel.swift */; };
		35F0DA9D25C7CB550093C036 /* RipeningData.swift in Sources */ = {isa = PBXBuildFile; fileRef = 35F0DA9C25C7CB550093C036 /* RipeningData.swift */; };
/* End PBXBuildFile section */

/* Begin PBXFileReference section */
		352C7BFC25BEC65C0087ECCF /* HeaderModel.swift */ = {isa = PBXFileReference; lastKnownFileType = sourcecode.swift; path = HeaderModel.swift; sourceTree = "<group>"; };
		352C7BFF25BEC6A60087ECCF /* HeaderData.swift */ = {isa = PBXFileReference; lastKnownFileType = sourcecode.swift; path = HeaderData.swift; sourceTree = "<group>"; };
		352C7C0225BECB430087ECCF /* DishesView.swift */ = {isa = PBXFileReference; lastKnownFileType = sourcecode.swift; path = DishesView.swift; sourceTree = "<group>"; };
		352C7C0525BFD8550087ECCF /* FactView.swift */ = {isa = PBXFileReference; lastKnownFileType = sourcecode.swift; path = FactView.swift; sourceTree = "<group>"; };
		352C7C0825BFDACC0087ECCF /* FetchModel.swift */ = {isa = PBXFileReference; lastKnownFileType = sourcecode.swift; path = FetchModel.swift; sourceTree = "<group>"; };
		352C7C0B25BFDB130087ECCF /* FactData.swift */ = {isa = PBXFileReference; lastKnownFileType = sourcecode.swift; path = FactData.swift; sourceTree = "<group>"; };
		352C7C0E25BFDD200087ECCF /* RecipeModel.swift */ = {isa = PBXFileReference; lastKnownFileType = sourcecode.swift; path = RecipeModel.swift; sourceTree = "<group>"; };
		352C7C1125BFDDA80087ECCF /* RecipeData.swift */ = {isa = PBXFileReference; lastKnownFileType = sourcecode.swift; path = RecipeData.swift; sourceTree = "<group>"; };
		352C7C1425BFDDF30087ECCF /* RecipeCardView.swift */ = {isa = PBXFileReference; lastKnownFileType = sourcecode.swift; path = RecipeCardView.swift; sourceTree = "<group>"; };
		35379D0A25C66F8C00F04508 /* RipeningView.swift */ = {isa = PBXFileReference; lastKnownFileType = sourcecode.swift; path = RipeningView.swift; sourceTree = "<group>"; };
		356627B625B6C6B80015A963 /* Avocados.app */ = {isa = PBXFileReference; explicitFileType = wrapper.application; includeInIndex = 0; path = Avocados.app; sourceTree = BUILT_PRODUCTS_DIR; };
		356627B925B6C6B80015A963 /* AvocadosApp.swift */ = {isa = PBXFileReference; lastKnownFileType = sourcecode.swift; path = AvocadosApp.swift; sourceTree = "<group>"; };
		356627BB25B6C6B80015A963 /* ContentView.swift */ = {isa = PBXFileReference; lastKnownFileType = sourcecode.swift; path = ContentView.swift; sourceTree = "<group>"; };
		356627BD25B6C6B90015A963 /* Assets.xcassets */ = {isa = PBXFileReference; lastKnownFileType = folder.assetcatalog; path = Assets.xcassets; sourceTree = "<group>"; };
		356627C025B6C6B90015A963 /* Preview Assets.xcassets */ = {isa = PBXFileReference; lastKnownFileType = folder.assetcatalog; path = "Preview Assets.xcassets"; sourceTree = "<group>"; };
		356627C225B6C6B90015A963 /* Info.plist */ = {isa = PBXFileReference; lastKnownFileType = text.plist.xml; path = Info.plist; sourceTree = "<group>"; };
		3571C52D25B9BB2200605D8E /* RecipeData.txt */ = {isa = PBXFileReference; fileEncoding = 4; lastKnownFileType = text; name = RecipeData.txt; path = "SWIFTUI-APP-02/Resources/Data/RecipeData.txt"; sourceTree = SOURCE_ROOT; };
		3571C52E25B9BB2200605D8E /* Avocados.txt */ = {isa = PBXFileReference; fileEncoding = 4; lastKnownFileType = text; name = Avocados.txt; path = "SWIFTUI-APP-02/Resources/Data/Avocados.txt"; sourceTree = SOURCE_ROOT; };
		3571C52F25B9BB2200605D8E /* RipeningData.txt */ = {isa = PBXFileReference; fileEncoding = 4; lastKnownFileType = text; name = RipeningData.txt; path = "SWIFTUI-APP-02/Resources/Data/RipeningData.txt"; sourceTree = SOURCE_ROOT; };
		3571C53025B9BB2200605D8E /* HeaderData.txt */ = {isa = PBXFileReference; fileEncoding = 4; lastKnownFileType = text; name = HeaderData.txt; path = "SWIFTUI-APP-02/Resources/Data/HeaderData.txt"; sourceTree = SOURCE_ROOT; };
		3571C53125B9BB2200605D8E /* FactData.txt */ = {isa = PBXFileReference; fileEncoding = 4; lastKnownFileType = text; name = FactData.txt; path = "SWIFTUI-APP-02/Resources/Data/FactData.txt"; sourceTree = SOURCE_ROOT; };
		359D9BB525C4107B0047F032 /* RecipeRatingView.swift */ = {isa = PBXFileReference; lastKnownFileType = sourcecode.swift; path = RecipeRatingView.swift; sourceTree = "<group>"; };
		359D9BB825C411BD0047F032 /* RecipeCookingView.swift */ = {isa = PBXFileReference; lastKnownFileType = sourcecode.swift; path = RecipeCookingView.swift; sourceTree = "<group>"; };
		359D9BBB25C4123B0047F032 /* RecipeDetailView .swift */ = {isa = PBXFileReference; lastKnownFileType = sourcecode.swift; path = "RecipeDetailView .swift"; sourceTree = "<group>"; };
		35B6DA4125BEB62600FA8B05 /* AvocadoView.swift */ = {isa = PBXFileReference; lastKnownFileType = sourcecode.swift; path = AvocadoView.swift; sourceTree = "<group>"; };
		35B6DA4525BEB65300FA8B05 /* RipeningStagesView.swift */ = {isa = PBXFileReference; lastKnownFileType = sourcecode.swift; path = RipeningStagesView.swift; sourceTree = "<group>"; };
		35B6DA4825BEB67500FA8B05 /* SettingView.swift */ = {isa = PBXFileReference; lastKnownFileType = sourcecode.swift; path = SettingView.swift; sourceTree = "<group>"; };
		35B6DA5025BEB70E00FA8B05 /* AppView.swift */ = {isa = PBXFileReference; lastKnownFileType = sourcecode.swift; path = AppView.swift; sourceTree = "<group>"; };
		35B6DA5425BEBDDC00FA8B05 /* HeaderView.swift */ = {isa = PBXFileReference; lastKnownFileType = sourcecode.swift; path = HeaderView.swift; sourceTree = "<group>"; };
		35F0DA9925C7CACF0093C036 /* RipeningModel.swift */ = {isa = PBXFileReference; lastKnownFileType = sourcecode.swift; path = RipeningModel.swift; sourceTree = "<group>"; };
		35F0DA9C25C7CB550093C036 /* RipeningData.swift */ = {isa = PBXFileReference; lastKnownFileType = sourcecode.swift; path = RipeningData.swift; sourceTree = "<group>"; };
/* End PBXFileReference section */

/* Begin PBXFrameworksBuildPhase section */
		356627B325B6C6B80015A963 /* Frameworks */ = {
			isa = PBXFrameworksBuildPhase;
			buildActionMask = 2147483647;
			files = (
			);
			runOnlyForDeploymentPostprocessing = 0;
		};
/* End PBXFrameworksBuildPhase section */

/* Begin PBXGroup section */
		356627AD25B6C6B80015A963 = {
			isa = PBXGroup;
			children = (
				356627B825B6C6B80015A963 /* Avocados */,
				356627B725B6C6B80015A963 /* Products */,
			);
			sourceTree = "<group>";
		};
		356627B725B6C6B80015A963 /* Products */ = {
			isa = PBXGroup;
			children = (
				356627B625B6C6B80015A963 /* Avocados.app */,
			);
			name = Products;
			sourceTree = "<group>";
		};
		356627B825B6C6B80015A963 /* Avocados */ = {
			isa = PBXGroup;
			children = (
				35B6DA4025BEB61600FA8B05 /* Model */,
				35B6DA3C25BEB12B00FA8B05 /* View */,
				35B6DA3B25BEB12400FA8B05 /* App */,
				3571C52C25B9BB1900605D8E /* Data */,
				356627BD25B6C6B90015A963 /* Assets.xcassets */,
				356627C225B6C6B90015A963 /* Info.plist */,
				356627BF25B6C6B90015A963 /* Preview Content */,
			);
			path = Avocados;
			sourceTree = "<group>";
		};
		356627BF25B6C6B90015A963 /* Preview Content */ = {
			isa = PBXGroup;
			children = (
				356627C025B6C6B90015A963 /* Preview Assets.xcassets */,
			);
			path = "Preview Content";
			sourceTree = "<group>";
		};
		3571C52C25B9BB1900605D8E /* Data */ = {
			isa = PBXGroup;
			children = (
				3571C52E25B9BB2200605D8E /* Avocados.txt */,
				3571C53125B9BB2200605D8E /* FactData.txt */,
				3571C53025B9BB2200605D8E /* HeaderData.txt */,
				3571C52D25B9BB2200605D8E /* RecipeData.txt */,
				3571C52F25B9BB2200605D8E /* RipeningData.txt */,
				352C7BFF25BEC6A60087ECCF /* HeaderData.swift */,
				352C7C0B25BFDB130087ECCF /* FactData.swift */,
				352C7C1125BFDDA80087ECCF /* RecipeData.swift */,
				35F0DA9C25C7CB550093C036 /* RipeningData.swift */,
			);
			path = Data;
			sourceTree = "<group>";
		};
		35B6DA3B25BEB12400FA8B05 /* App */ = {
			isa = PBXGroup;
			children = (
				356627B925B6C6B80015A963 /* AvocadosApp.swift */,
			);
			path = App;
			sourceTree = "<group>";
		};
		35B6DA3C25BEB12B00FA8B05 /* View */ = {
			isa = PBXGroup;
			children = (
				356627BB25B6C6B80015A963 /* ContentView.swift */,
				35B6DA4125BEB62600FA8B05 /* AvocadoView.swift */,
				35B6DA4825BEB67500FA8B05 /* SettingView.swift */,
				35B6DA5025BEB70E00FA8B05 /* AppView.swift */,
				35B6DA5425BEBDDC00FA8B05 /* HeaderView.swift */,
				352C7C0225BECB430087ECCF /* DishesView.swift */,
				352C7C0525BFD8550087ECCF /* FactView.swift */,
				352C7C1425BFDDF30087ECCF /* RecipeCardView.swift */,
				359D9BBB25C4123B0047F032 /* RecipeDetailView .swift */,
				359D9BB825C411BD0047F032 /* RecipeCookingView.swift */,
				359D9BB525C4107B0047F032 /* RecipeRatingView.swift */,
				35B6DA4525BEB65300FA8B05 /* RipeningStagesView.swift */,
				35379D0A25C66F8C00F04508 /* RipeningView.swift */,
			);
			path = View;
			sourceTree = "<group>";
		};
		35B6DA4025BEB61600FA8B05 /* Model */ = {
			isa = PBXGroup;
			children = (
				352C7BFC25BEC65C0087ECCF /* HeaderModel.swift */,
				352C7C0825BFDACC0087ECCF /* FetchModel.swift */,
				352C7C0E25BFDD200087ECCF /* RecipeModel.swift */,
				35F0DA9925C7CACF0093C036 /* RipeningModel.swift */,
			);
			path = Model;
			sourceTree = "<group>";
		};
/* End PBXGroup section */

/* Begin PBXNativeTarget section */
		356627B525B6C6B80015A963 /* Avocados */ = {
			isa = PBXNativeTarget;
			buildConfigurationList = 356627C525B6C6B90015A963 /* Build configuration list for PBXNativeTarget "Avocados" */;
			buildPhases = (
				356627B225B6C6B80015A963 /* Sources */,
				356627B325B6C6B80015A963 /* Frameworks */,
				356627B425B6C6B80015A963 /* Resources */,
			);
			buildRules = (
			);
			dependencies = (
			);
			name = Avocados;
			productName = Avocados;
			productReference = 356627B625B6C6B80015A963 /* Avocados.app */;
			productType = "com.apple.product-type.application";
		};
/* End PBXNativeTarget section */

/* Begin PBXProject section */
		356627AE25B6C6B80015A963 /* Project object */ = {
			isa = PBXProject;
			attributes = {
				LastSwiftUpdateCheck = 1230;
				LastUpgradeCheck = 1230;
				TargetAttributes = {
					356627B525B6C6B80015A963 = {
						CreatedOnToolsVersion = 12.3;
					};
				};
			};
			buildConfigurationList = 356627B125B6C6B80015A963 /* Build configuration list for PBXProject "Avocados" */;
			compatibilityVersion = "Xcode 9.3";
			developmentRegion = en;
			hasScannedForEncodings = 0;
			knownRegions = (
				en,
				Base,
			);
			mainGroup = 356627AD25B6C6B80015A963;
			productRefGroup = 356627B725B6C6B80015A963 /* Products */;
			projectDirPath = "";
			projectRoot = "";
			targets = (
				356627B525B6C6B80015A963 /* Avocados */,
			);
		};
/* End PBXProject section */

/* Begin PBXResourcesBuildPhase section */
		356627B425B6C6B80015A963 /* Resources */ = {
			isa = PBXResourcesBuildPhase;
			buildActionMask = 2147483647;
			files = (
				356627C125B6C6B90015A963 /* Preview Assets.xcassets in Resources */,
				356627BE25B6C6B90015A963 /* Assets.xcassets in Resources */,
				3571C53625B9BB2200605D8E /* FactData.txt in Resources */,
				3571C53325B9BB2200605D8E /* Avocados.txt in Resources */,
				3571C53425B9BB2200605D8E /* RipeningData.txt in Resources */,
				3571C53225B9BB2200605D8E /* RecipeData.txt in Resources */,
				3571C53525B9BB2200605D8E /* HeaderData.txt in Resources */,
			);
			runOnlyForDeploymentPostprocessing = 0;
		};
/* End PBXResourcesBuildPhase section */

/* Begin PBXSourcesBuildPhase section */
		356627B225B6C6B80015A963 /* Sources */ = {
			isa = PBXSourcesBuildPhase;
			buildActionMask = 2147483647;
			files = (
				356627BC25B6C6B80015A963 /* ContentView.swift in Sources */,
				359D9BB625C4107B0047F032 /* RecipeRatingView.swift in Sources */,
				35F0DA9A25C7CACF0093C036 /* RipeningModel.swift in Sources */,
				35B6DA4925BEB67500FA8B05 /* SettingView.swift in Sources */,
				352C7C0925BFDACC0087ECCF /* FetchModel.swift in Sources */,
				35F0DA9D25C7CB550093C036 /* RipeningData.swift in Sources */,
				35B6DA5125BEB70E00FA8B05 /* AppView.swift in Sources */,
				35B6DA4625BEB65300FA8B05 /* RipeningStagesView.swift in Sources */,
				35B6DA4225BEB62600FA8B05 /* AvocadoView.swift in Sources */,
				356627BA25B6C6B80015A963 /* AvocadosApp.swift in Sources */,
				352C7C0F25BFDD200087ECCF /* RecipeModel.swift in Sources */,
				359D9BBC25C4123B0047F032 /* RecipeDetailView .swift in Sources */,
				352C7BFD25BEC65C0087ECCF /* HeaderModel.swift in Sources */,
				352C7C0625BFD8550087ECCF /* FactView.swift in Sources */,
				35379D0B25C66F8C00F04508 /* RipeningView.swift in Sources */,
				359D9BB925C411BD0047F032 /* RecipeCookingView.swift in Sources */,
				352C7C0025BEC6A60087ECCF /* HeaderData.swift in Sources */,
				352C7C0325BECB430087ECCF /* DishesView.swift in Sources */,
				352C7C1525BFDDF30087ECCF /* RecipeCardView.swift in Sources */,
				352C7C1225BFDDA80087ECCF /* RecipeData.swift in Sources */,
				35B6DA5525BEBDDC00FA8B05 /* HeaderView.swift in Sources */,
				352C7C0C25BFDB130087ECCF /* FactData.swift in Sources */,
			);
			runOnlyForDeploymentPostprocessing = 0;
		};
/* End PBXSourcesBuildPhase section */

/* Begin XCBuildConfiguration section */
		356627C325B6C6B90015A963 /* Debug */ = {
			isa = XCBuildConfiguration;
			buildSettings = {
				ALWAYS_SEARCH_USER_PATHS = NO;
				CLANG_ANALYZER_NONNULL = YES;
				CLANG_ANALYZER_NUMBER_OBJECT_CONVERSION = YES_AGGRESSIVE;
				CLANG_CXX_LANGUAGE_STANDARD = "gnu++14";
				CLANG_CXX_LIBRARY = "libc++";
				CLANG_ENABLE_MODULES = YES;
				CLANG_ENABLE_OBJC_ARC = YES;
				CLANG_ENABLE_OBJC_WEAK = YES;
				CLANG_WARN_BLOCK_CAPTURE_AUTORELEASING = YES;
				CLANG_WARN_BOOL_CONVERSION = YES;
				CLANG_WARN_COMMA = YES;
				CLANG_WARN_CONSTANT_CONVERSION = YES;
				CLANG_WARN_DEPRECATED_OBJC_IMPLEMENTATIONS = YES;
				CLANG_WARN_DIRECT_OBJC_ISA_USAGE = YES_ERROR;
				CLANG_WARN_DOCUMENTATION_COMMENTS = YES;
				CLANG_WARN_EMPTY_BODY = YES;
				CLANG_WARN_ENUM_CONVERSION = YES;
				CLANG_WARN_INFINITE_RECURSION = YES;
				CLANG_WARN_INT_CONVERSION = YES;
				CLANG_WARN_NON_LITERAL_NULL_CONVERSION = YES;
				CLANG_WARN_OBJC_IMPLICIT_RETAIN_SELF = YES;
				CLANG_WARN_OBJC_LITERAL_CONVERSION = YES;
				CLANG_WARN_OBJC_ROOT_CLASS = YES_ERROR;
				CLANG_WARN_QUOTED_INCLUDE_IN_FRAMEWORK_HEADER = YES;
				CLANG_WARN_RANGE_LOOP_ANALYSIS = YES;
				CLANG_WARN_STRICT_PROTOTYPES = YES;
				CLANG_WARN_SUSPICIOUS_MOVE = YES;
				CLANG_WARN_UNGUARDED_AVAILABILITY = YES_AGGRESSIVE;
				CLANG_WARN_UNREACHABLE_CODE = YES;
				CLANG_WARN__DUPLICATE_METHOD_MATCH = YES;
				COPY_PHASE_STRIP = NO;
				DEBUG_INFORMATION_FORMAT = dwarf;
				ENABLE_STRICT_OBJC_MSGSEND = YES;
				ENABLE_TESTABILITY = YES;
				GCC_C_LANGUAGE_STANDARD = gnu11;
				GCC_DYNAMIC_NO_PIC = NO;
				GCC_NO_COMMON_BLOCKS = YES;
				GCC_OPTIMIZATION_LEVEL = 0;
				GCC_PREPROCESSOR_DEFINITIONS = (
					"DEBUG=1",
					"$(inherited)",
				);
				GCC_WARN_64_TO_32_BIT_CONVERSION = YES;
				GCC_WARN_ABOUT_RETURN_TYPE = YES_ERROR;
				GCC_WARN_UNDECLARED_SELECTOR = YES;
				GCC_WARN_UNINITIALIZED_AUTOS = YES_AGGRESSIVE;
				GCC_WARN_UNUSED_FUNCTION = YES;
				GCC_WARN_UNUSED_VARIABLE = YES;
				IPHONEOS_DEPLOYMENT_TARGET = 14.3;
				MTL_ENABLE_DEBUG_INFO = INCLUDE_SOURCE;
				MTL_FAST_MATH = YES;
				ONLY_ACTIVE_ARCH = YES;
				SDKROOT = iphoneos;
				SWIFT_ACTIVE_COMPILATION_CONDITIONS = DEBUG;
				SWIFT_OPTIMIZATION_LEVEL = "-Onone";
			};
			name = Debug;
		};
		356627C425B6C6B90015A963 /* Release */ = {
			isa = XCBuildConfiguration;
			buildSettings = {
				ALWAYS_SEARCH_USER_PATHS = NO;
				CLANG_ANALYZER_NONNULL = YES;
				CLANG_ANALYZER_NUMBER_OBJECT_CONVERSION = YES_AGGRESSIVE;
				CLANG_CXX_LANGUAGE_STANDARD = "gnu++14";
				CLANG_CXX_LIBRARY = "libc++";
				CLANG_ENABLE_MODULES = YES;
				CLANG_ENABLE_OBJC_ARC = YES;
				CLANG_ENABLE_OBJC_WEAK = YES;
				CLANG_WARN_BLOCK_CAPTURE_AUTORELEASING = YES;
				CLANG_WARN_BOOL_CONVERSION = YES;
				CLANG_WARN_COMMA = YES;
				CLANG_WARN_CONSTANT_CONVERSION = YES;
				CLANG_WARN_DEPRECATED_OBJC_IMPLEMENTATIONS = YES;
				CLANG_WARN_DIRECT_OBJC_ISA_USAGE = YES_ERROR;
				CLANG_WARN_DOCUMENTATION_COMMENTS = YES;
				CLANG_WARN_EMPTY_BODY = YES;
				CLANG_WARN_ENUM_CONVERSION = YES;
				CLANG_WARN_INFINITE_RECURSION = YES;
				CLANG_WARN_INT_CONVERSION = YES;
				CLANG_WARN_NON_LITERAL_NULL_CONVERSION = YES;
				CLANG_WARN_OBJC_IMPLICIT_RETAIN_SELF = YES;
				CLANG_WARN_OBJC_LITERAL_CONVERSION = YES;
				CLANG_WARN_OBJC_ROOT_CLASS = YES_ERROR;
				CLANG_WARN_QUOTED_INCLUDE_IN_FRAMEWORK_HEADER = YES;
				CLANG_WARN_RANGE_LOOP_ANALYSIS = YES;
				CLANG_WARN_STRICT_PROTOTYPES = YES;
				CLANG_WARN_SUSPICIOUS_MOVE = YES;
				CLANG_WARN_UNGUARDED_AVAILABILITY = YES_AGGRESSIVE;
				CLANG_WARN_UNREACHABLE_CODE = YES;
				CLANG_WARN__DUPLICATE_METHOD_MATCH = YES;
				COPY_PHASE_STRIP = NO;
				DEBUG_INFORMATION_FORMAT = "dwarf-with-dsym";
				ENABLE_NS_ASSERTIONS = NO;
				ENABLE_STRICT_OBJC_MSGSEND = YES;
				GCC_C_LANGUAGE_STANDARD = gnu11;
				GCC_NO_COMMON_BLOCKS = YES;
				GCC_WARN_64_TO_32_BIT_CONVERSION = YES;
				GCC_WARN_ABOUT_RETURN_TYPE = YES_ERROR;
				GCC_WARN_UNDECLARED_SELECTOR = YES;
				GCC_WARN_UNINITIALIZED_AUTOS = YES_AGGRESSIVE;
				GCC_WARN_UNUSED_FUNCTION = YES;
				GCC_WARN_UNUSED_VARIABLE = YES;
				IPHONEOS_DEPLOYMENT_TARGET = 14.3;
				MTL_ENABLE_DEBUG_INFO = NO;
				MTL_FAST_MATH = YES;
				SDKROOT = iphoneos;
				SWIFT_COMPILATION_MODE = wholemodule;
				SWIFT_OPTIMIZATION_LEVEL = "-O";
				VALIDATE_PRODUCT = YES;
			};
			name = Release;
		};
		356627C625B6C6B90015A963 /* Debug */ = {
			isa = XCBuildConfiguration;
			buildSettings = {
				ASSETCATALOG_COMPILER_APPICON_NAME = AppIcon;
				ASSETCATALOG_COMPILER_GLOBAL_ACCENT_COLOR_NAME = AccentColor;
				CODE_SIGN_STYLE = Automatic;
				DEVELOPMENT_ASSET_PATHS = "\"Avocados/Preview Content\"";
				DEVELOPMENT_TEAM = 3P96VF2954;
				ENABLE_PREVIEWS = YES;
				INFOPLIST_FILE = Avocados/Info.plist;
				IPHONEOS_DEPLOYMENT_TARGET = 14.0;
				LD_RUNPATH_SEARCH_PATHS = (
					"$(inherited)",
					"@executable_path/Frameworks",
				);
				PRODUCT_BUNDLE_IDENTIFIER = tech.vatanachhorn.Avocados;
				PRODUCT_NAME = "$(TARGET_NAME)";
				SWIFT_VERSION = 5.0;
				TARGETED_DEVICE_FAMILY = "1,2";
			};
			name = Debug;
		};
		356627C725B6C6B90015A963 /* Release */ = {
			isa = XCBuildConfiguration;
			buildSettings = {
				ASSETCATALOG_COMPILER_APPICON_NAME = AppIcon;
				ASSETCATALOG_COMPILER_GLOBAL_ACCENT_COLOR_NAME = AccentColor;
				CODE_SIGN_STYLE = Automatic;
				DEVELOPMENT_ASSET_PATHS = "\"Avocados/Preview Content\"";
				DEVELOPMENT_TEAM = 3P96VF2954;
				ENABLE_PREVIEWS = YES;
				INFOPLIST_FILE = Avocados/Info.plist;
				IPHONEOS_DEPLOYMENT_TARGET = 14.0;
				LD_RUNPATH_SEARCH_PATHS = (
					"$(inherited)",
					"@executable_path/Frameworks",
				);
				PRODUCT_BUNDLE_IDENTIFIER = tech.vatanachhorn.Avocados;
				PRODUCT_NAME = "$(TARGET_NAME)";
				SWIFT_VERSION = 5.0;
				TARGETED_DEVICE_FAMILY = "1,2";
			};
			name = Release;
		};
/* End XCBuildConfiguration section */

/* Begin XCConfigurationList section */
		356627B125B6C6B80015A963 /* Build configuration list for PBXProject "Avocados" */ = {
			isa = XCConfigurationList;
			buildConfigurations = (
				356627C325B6C6B90015A963 /* Debug */,
				356627C425B6C6B90015A963 /* Release */,
			);
			defaultConfigurationIsVisible = 0;
			defaultConfigurationName = Release;
		};
		356627C525B6C6B90015A963 /* Build configuration list for PBXNativeTarget "Avocados" */ = {
			isa = XCConfigurationList;
			buildConfigurations = (
				356627C625B6C6B90015A963 /* Debug */,
				356627C725B6C6B90015A963 /* Release */,
			);
			defaultConfigurationIsVisible = 0;
			defaultConfigurationName = Release;
		};
/* End XCConfigurationList section */
	};
	rootObject = 356627AE25B6C6B80015A963 /* Project object */;
}
